
Microsoft Visual Studio Solution File, Format Version 12.00
# Visual Studio Version 17
VisualStudioVersion = 17.10.35004.147
MinimumVisualStudioVersion = 10.0.40219.1
Project("{9A19103F-16F7-4668-BE54-9A1E7A4F7556}") = "MinimalisticWPF", "MinimalisticWPF.csproj", "{F93640FE-BEC1-4FE2-A832-64A6267973E5}"
EndProject
Global
	GlobalSection(SolutionConfigurationPlatforms) = preSolution
		Debug|Any CPU = Debug|Any CPU
		Release|Any CPU = Release|Any CPU
	EndGlobalSection
	GlobalSection(ProjectConfigurationPlatforms) = postSolution
		{F93640FE-BEC1-4FE2-A832-64A6267973E5}.Debug|Any CPU.ActiveCfg = Debug|Any CPU
		{F93640FE-BEC1-4FE2-A832-64A6267973E5}.Debug|Any CPU.Build.0 = Debug|Any CPU
		{F93640FE-BEC1-4FE2-A832-64A6267973E5}.Release|Any CPU.ActiveCfg = Release|Any CPU
		{F93640FE-BEC1-4FE2-A832-64A6267973E5}.Release|Any CPU.Build.0 = Release|Any CPU
	EndGlobalSection
	GlobalSection(SolutionProperties) = preSolution
		HideSolutionNode = FALSE
	EndGlobalSection
	GlobalSection(ExtensibilityGlobals) = postSolution
		SolutionGuid = {493E36E6-500F-4FC0-AF4F-1CA0E10EBD9C}
	EndGlobalSection
EndGlobal
